
Microsoft Visual Studio Solution File, Format Version 12.00
Project("{FAE04EC0-301F-11D3-BF4B-00C04F79EFBC}") = "Customer.Api", "Customer.Api\Customer.Api.csproj", "{FDC49B85-AE3E-4A40-9081-A7C58DB923E2}"
EndProject
Project("{FAE04EC0-301F-11D3-BF4B-00C04F79EFBC}") = "Customer.Api.Unit.Tests", "Customer.Api.Unit.Tests\Customer.Api.Unit.Tests.csproj", "{8B92B36D-9328-46EC-A9C1-94DFD7F2F63F}"
EndProject
Global
	GlobalSection(SolutionConfigurationPlatforms) = preSolution
		Debug|Any CPU = Debug|Any CPU
		Release|Any CPU = Release|Any CPU
	EndGlobalSection
	GlobalSection(ProjectConfigurationPlatforms) = postSolution
		{FDC49B85-AE3E-4A40-9081-A7C58DB923E2}.Debug|Any CPU.ActiveCfg = Debug|Any CPU
		{FDC49B85-AE3E-4A40-9081-A7C58DB923E2}.Debug|Any CPU.Build.0 = Debug|Any CPU
		{FDC49B85-AE3E-4A40-9081-A7C58DB923E2}.Release|Any CPU.ActiveCfg = Release|Any CPU
		{FDC49B85-AE3E-4A40-9081-A7C58DB923E2}.Release|Any CPU.Build.0 = Release|Any CPU
		{8B92B36D-9328-46EC-A9C1-94DFD7F2F63F}.Debug|Any CPU.ActiveCfg = Debug|Any CPU
		{8B92B36D-9328-46EC-A9C1-94DFD7F2F63F}.Debug|Any CPU.Build.0 = Debug|Any CPU
		{8B92B36D-9328-46EC-A9C1-94DFD7F2F63F}.Release|Any CPU.ActiveCfg = Release|Any CPU
		{8B92B36D-9328-46EC-A9C1-94DFD7F2F63F}.Release|Any CPU.Build.0 = Release|Any CPU
	EndGlobalSection
EndGlobal
